
Microsoft Visual Studio Solution File, Format Version 12.00
# Visual Studio Version 17
VisualStudioVersion = 17.11.35222.181
MinimumVisualStudioVersion = 10.0.40219.1
Project("{FAE04EC0-301F-11D3-BF4B-00C04F79EFBC}") = "MovieAppApplication", "MovieAppApplication.csproj", "{0969BFA6-6504-4CDE-94B5-95DDBA7C2E93}"
EndProject
Global
	GlobalSection(SolutionConfigurationPlatforms) = preSolution
		Debug|Any CPU = Debug|Any CPU
		Release|Any CPU = Release|Any CPU
	EndGlobalSection
	GlobalSection(ProjectConfigurationPlatforms) = postSolution
		{0969BFA6-6504-4CDE-94B5-95DDBA7C2E93}.Debug|Any CPU.ActiveCfg = Debug|Any CPU
		{0969BFA6-6504-4CDE-94B5-95DDBA7C2E93}.Debug|Any CPU.Build.0 = Debug|Any CPU
		{0969BFA6-6504-4CDE-94B5-95DDBA7C2E93}.Release|Any CPU.ActiveCfg = Release|Any CPU
		{0969BFA6-6504-4CDE-94B5-95DDBA7C2E93}.Release|Any CPU.Build.0 = Release|Any CPU
	EndGlobalSection
	GlobalSection(SolutionProperties) = preSolution
		HideSolutionNode = FALSE
	EndGlobalSection
	GlobalSection(ExtensibilityGlobals) = postSolution
		SolutionGuid = {38EAAED9-59C3-4311-9BC0-0648FB451422}
	EndGlobalSection
EndGlobal
